
Microsoft Visual Studio Solution File, Format Version 12.00
# Visual Studio 15
VisualStudioVersion = 15.0.28124.53
MinimumVisualStudioVersion = 10.0.40219.1
Project("{8BC9CEB8-8B4A-11D0-8D11-00A0C91BC942}") = "P_48_特別睏的學生", "P_48_特別睏的學生\P_48_特別睏的學生.vcxproj", "{5529DC0F-3EDC-43CE-9DFE-E2D8D1F36E52}"
EndProject
Global
	GlobalSection(SolutionConfigurationPlatforms) = preSolution
		Debug|x64 = Debug|x64
		Debug|x86 = Debug|x86
		Release|x64 = Release|x64
		Release|x86 = Release|x86
	EndGlobalSection
	GlobalSection(ProjectConfigurationPlatforms) = postSolution
		{5529DC0F-3EDC-43CE-9DFE-E2D8D1F36E52}.Debug|x64.ActiveCfg = Debug|x64
		{5529DC0F-3EDC-43CE-9DFE-E2D8D1F36E52}.Debug|x64.Build.0 = Debug|x64
		{5529DC0F-3EDC-43CE-9DFE-E2D8D1F36E52}.Debug|x86.ActiveCfg = Debug|Win32
		{5529DC0F-3EDC-43CE-9DFE-E2D8D1F36E52}.Debug|x86.Build.0 = Debug|Win32
		{5529DC0F-3EDC-43CE-9DFE-E2D8D1F36E52}.Release|x64.ActiveCfg = Release|x64
		{5529DC0F-3EDC-43CE-9DFE-E2D8D1F36E52}.Release|x64.Build.0 = Release|x64
		{5529DC0F-3EDC-43CE-9DFE-E2D8D1F36E52}.Release|x86.ActiveCfg = Release|Win32
		{5529DC0F-3EDC-43CE-9DFE-E2D8D1F36E52}.Release|x86.Build.0 = Release|Win32
	EndGlobalSection
	GlobalSection(SolutionProperties) = preSolution
		HideSolutionNode = FALSE
	EndGlobalSection
	GlobalSection(ExtensibilityGlobals) = postSolution
		SolutionGuid = {F78F7215-FDEB-486C-A6EC-BC56222A76F6}
	EndGlobalSection
EndGlobal
