
Microsoft Visual Studio Solution File, Format Version 12.00
# Visual Studio 15
VisualStudioVersion = 15.0.28124.53
MinimumVisualStudioVersion = 10.0.40219.1
Project("{8BC9CEB8-8B4A-11D0-8D11-00A0C91BC942}") = "P_21_Daffodil(水仙花)", "P_21_Daffodil(水仙花)\P_21_Daffodil(水仙花).vcxproj", "{9BC6DE03-7DA5-49FC-BDE6-AAB5B2F394B3}"
EndProject
Global
	GlobalSection(SolutionConfigurationPlatforms) = preSolution
		Debug|x64 = Debug|x64
		Debug|x86 = Debug|x86
		Release|x64 = Release|x64
		Release|x86 = Release|x86
	EndGlobalSection
	GlobalSection(ProjectConfigurationPlatforms) = postSolution
		{9BC6DE03-7DA5-49FC-BDE6-AAB5B2F394B3}.Debug|x64.ActiveCfg = Debug|x64
		{9BC6DE03-7DA5-49FC-BDE6-AAB5B2F394B3}.Debug|x64.Build.0 = Debug|x64
		{9BC6DE03-7DA5-49FC-BDE6-AAB5B2F394B3}.Debug|x86.ActiveCfg = Debug|Win32
		{9BC6DE03-7DA5-49FC-BDE6-AAB5B2F394B3}.Debug|x86.Build.0 = Debug|Win32
		{9BC6DE03-7DA5-49FC-BDE6-AAB5B2F394B3}.Release|x64.ActiveCfg = Release|x64
		{9BC6DE03-7DA5-49FC-BDE6-AAB5B2F394B3}.Release|x64.Build.0 = Release|x64
		{9BC6DE03-7DA5-49FC-BDE6-AAB5B2F394B3}.Release|x86.ActiveCfg = Release|Win32
		{9BC6DE03-7DA5-49FC-BDE6-AAB5B2F394B3}.Release|x86.Build.0 = Release|Win32
	EndGlobalSection
	GlobalSection(SolutionProperties) = preSolution
		HideSolutionNode = FALSE
	EndGlobalSection
	GlobalSection(ExtensibilityGlobals) = postSolution
		SolutionGuid = {C11E4270-8261-4E1D-95EB-42D7F2BDD035}
	EndGlobalSection
EndGlobal
