
Microsoft Visual Studio Solution File, Format Version 12.00
# Visual Studio 15
VisualStudioVersion = 15.0.28124.53
MinimumVisualStudioVersion = 10.0.40219.1
Project("{8BC9CEB8-8B4A-11D0-8D11-00A0C91BC942}") = "P_53_復合詞", "P_53_復合詞\P_53_復合詞.vcxproj", "{678AEEAF-D21C-45F8-99AA-406331172AD8}"
EndProject
Global
	GlobalSection(SolutionConfigurationPlatforms) = preSolution
		Debug|x64 = Debug|x64
		Debug|x86 = Debug|x86
		Release|x64 = Release|x64
		Release|x86 = Release|x86
	EndGlobalSection
	GlobalSection(ProjectConfigurationPlatforms) = postSolution
		{678AEEAF-D21C-45F8-99AA-406331172AD8}.Debug|x64.ActiveCfg = Debug|x64
		{678AEEAF-D21C-45F8-99AA-406331172AD8}.Debug|x64.Build.0 = Debug|x64
		{678AEEAF-D21C-45F8-99AA-406331172AD8}.Debug|x86.ActiveCfg = Debug|Win32
		{678AEEAF-D21C-45F8-99AA-406331172AD8}.Debug|x86.Build.0 = Debug|Win32
		{678AEEAF-D21C-45F8-99AA-406331172AD8}.Release|x64.ActiveCfg = Release|x64
		{678AEEAF-D21C-45F8-99AA-406331172AD8}.Release|x64.Build.0 = Release|x64
		{678AEEAF-D21C-45F8-99AA-406331172AD8}.Release|x86.ActiveCfg = Release|Win32
		{678AEEAF-D21C-45F8-99AA-406331172AD8}.Release|x86.Build.0 = Release|Win32
	EndGlobalSection
	GlobalSection(SolutionProperties) = preSolution
		HideSolutionNode = FALSE
	EndGlobalSection
	GlobalSection(ExtensibilityGlobals) = postSolution
		SolutionGuid = {B033E046-E74E-46E1-B4C7-DD6DB21A6039}
	EndGlobalSection
EndGlobal
