
Microsoft Visual Studio Solution File, Format Version 12.00
# Visual Studio 15
VisualStudioVersion = 15.0.28124.53
MinimumVisualStudioVersion = 10.0.40219.1
Project("{8BC9CEB8-8B4A-11D0-8D11-00A0C91BC942}") = "P_11_Discount", "P_11_Discount\P_11_Discount.vcxproj", "{24242A3A-6465-4B0F-A45A-CE985A990064}"
EndProject
Global
	GlobalSection(SolutionConfigurationPlatforms) = preSolution
		Debug|x64 = Debug|x64
		Debug|x86 = Debug|x86
		Release|x64 = Release|x64
		Release|x86 = Release|x86
	EndGlobalSection
	GlobalSection(ProjectConfigurationPlatforms) = postSolution
		{24242A3A-6465-4B0F-A45A-CE985A990064}.Debug|x64.ActiveCfg = Debug|x64
		{24242A3A-6465-4B0F-A45A-CE985A990064}.Debug|x64.Build.0 = Debug|x64
		{24242A3A-6465-4B0F-A45A-CE985A990064}.Debug|x86.ActiveCfg = Debug|Win32
		{24242A3A-6465-4B0F-A45A-CE985A990064}.Debug|x86.Build.0 = Debug|Win32
		{24242A3A-6465-4B0F-A45A-CE985A990064}.Release|x64.ActiveCfg = Release|x64
		{24242A3A-6465-4B0F-A45A-CE985A990064}.Release|x64.Build.0 = Release|x64
		{24242A3A-6465-4B0F-A45A-CE985A990064}.Release|x86.ActiveCfg = Release|Win32
		{24242A3A-6465-4B0F-A45A-CE985A990064}.Release|x86.Build.0 = Release|Win32
	EndGlobalSection
	GlobalSection(SolutionProperties) = preSolution
		HideSolutionNode = FALSE
	EndGlobalSection
	GlobalSection(ExtensibilityGlobals) = postSolution
		SolutionGuid = {012E8222-9BA6-4CC9-B82D-9128746F6FBF}
	EndGlobalSection
EndGlobal
