
Microsoft Visual Studio Solution File, Format Version 12.00
# Visual Studio 15
VisualStudioVersion = 15.0.28124.53
MinimumVisualStudioVersion = 10.0.40219.1
Project("{8BC9CEB8-8B4A-11D0-8D11-00A0C91BC942}") = "P_23_Shape of Tiangle", "P_23_Shape of Tiangle\P_23_Shape of Tiangle.vcxproj", "{F72D236C-9211-4548-A394-0D0843EFCAC4}"
EndProject
Global
	GlobalSection(SolutionConfigurationPlatforms) = preSolution
		Debug|x64 = Debug|x64
		Debug|x86 = Debug|x86
		Release|x64 = Release|x64
		Release|x86 = Release|x86
	EndGlobalSection
	GlobalSection(ProjectConfigurationPlatforms) = postSolution
		{F72D236C-9211-4548-A394-0D0843EFCAC4}.Debug|x64.ActiveCfg = Debug|x64
		{F72D236C-9211-4548-A394-0D0843EFCAC4}.Debug|x64.Build.0 = Debug|x64
		{F72D236C-9211-4548-A394-0D0843EFCAC4}.Debug|x86.ActiveCfg = Debug|Win32
		{F72D236C-9211-4548-A394-0D0843EFCAC4}.Debug|x86.Build.0 = Debug|Win32
		{F72D236C-9211-4548-A394-0D0843EFCAC4}.Release|x64.ActiveCfg = Release|x64
		{F72D236C-9211-4548-A394-0D0843EFCAC4}.Release|x64.Build.0 = Release|x64
		{F72D236C-9211-4548-A394-0D0843EFCAC4}.Release|x86.ActiveCfg = Release|Win32
		{F72D236C-9211-4548-A394-0D0843EFCAC4}.Release|x86.Build.0 = Release|Win32
	EndGlobalSection
	GlobalSection(SolutionProperties) = preSolution
		HideSolutionNode = FALSE
	EndGlobalSection
	GlobalSection(ExtensibilityGlobals) = postSolution
		SolutionGuid = {E2295C92-791B-4ED4-BFEA-C2D70A5C616D}
	EndGlobalSection
EndGlobal
