
Microsoft Visual Studio Solution File, Format Version 12.00
# Visual Studio 15
VisualStudioVersion = 15.0.28124.53
MinimumVisualStudioVersion = 10.0.40219.1
Project("{8BC9CEB8-8B4A-11D0-8D11-00A0C91BC942}") = "P_50_Ducci序列", "P_50_Ducci序列\P_50_Ducci序列.vcxproj", "{BA3E18E8-5F73-4433-A713-FA893D11FF3C}"
EndProject
Global
	GlobalSection(SolutionConfigurationPlatforms) = preSolution
		Debug|x64 = Debug|x64
		Debug|x86 = Debug|x86
		Release|x64 = Release|x64
		Release|x86 = Release|x86
	EndGlobalSection
	GlobalSection(ProjectConfigurationPlatforms) = postSolution
		{BA3E18E8-5F73-4433-A713-FA893D11FF3C}.Debug|x64.ActiveCfg = Debug|x64
		{BA3E18E8-5F73-4433-A713-FA893D11FF3C}.Debug|x64.Build.0 = Debug|x64
		{BA3E18E8-5F73-4433-A713-FA893D11FF3C}.Debug|x86.ActiveCfg = Debug|Win32
		{BA3E18E8-5F73-4433-A713-FA893D11FF3C}.Debug|x86.Build.0 = Debug|Win32
		{BA3E18E8-5F73-4433-A713-FA893D11FF3C}.Release|x64.ActiveCfg = Release|x64
		{BA3E18E8-5F73-4433-A713-FA893D11FF3C}.Release|x64.Build.0 = Release|x64
		{BA3E18E8-5F73-4433-A713-FA893D11FF3C}.Release|x86.ActiveCfg = Release|Win32
		{BA3E18E8-5F73-4433-A713-FA893D11FF3C}.Release|x86.Build.0 = Release|Win32
	EndGlobalSection
	GlobalSection(SolutionProperties) = preSolution
		HideSolutionNode = FALSE
	EndGlobalSection
	GlobalSection(ExtensibilityGlobals) = postSolution
		SolutionGuid = {A3B3F739-83CA-48C7-91D4-A38D51858263}
	EndGlobalSection
EndGlobal
