
Microsoft Visual Studio Solution File, Format Version 12.00
# Visual Studio 15
VisualStudioVersion = 15.0.28124.53
MinimumVisualStudioVersion = 10.0.40219.1
Project("{8BC9CEB8-8B4A-11D0-8D11-00A0C91BC942}") = "P_08_Temperatrue", "P_08_Temperatrue\P_08_Temperatrue.vcxproj", "{BE8DEE2B-A4C3-48C3-A8BC-3CEAFCA4F60B}"
EndProject
Global
	GlobalSection(SolutionConfigurationPlatforms) = preSolution
		Debug|x64 = Debug|x64
		Debug|x86 = Debug|x86
		Release|x64 = Release|x64
		Release|x86 = Release|x86
	EndGlobalSection
	GlobalSection(ProjectConfigurationPlatforms) = postSolution
		{BE8DEE2B-A4C3-48C3-A8BC-3CEAFCA4F60B}.Debug|x64.ActiveCfg = Debug|x64
		{BE8DEE2B-A4C3-48C3-A8BC-3CEAFCA4F60B}.Debug|x64.Build.0 = Debug|x64
		{BE8DEE2B-A4C3-48C3-A8BC-3CEAFCA4F60B}.Debug|x86.ActiveCfg = Debug|Win32
		{BE8DEE2B-A4C3-48C3-A8BC-3CEAFCA4F60B}.Debug|x86.Build.0 = Debug|Win32
		{BE8DEE2B-A4C3-48C3-A8BC-3CEAFCA4F60B}.Release|x64.ActiveCfg = Release|x64
		{BE8DEE2B-A4C3-48C3-A8BC-3CEAFCA4F60B}.Release|x64.Build.0 = Release|x64
		{BE8DEE2B-A4C3-48C3-A8BC-3CEAFCA4F60B}.Release|x86.ActiveCfg = Release|Win32
		{BE8DEE2B-A4C3-48C3-A8BC-3CEAFCA4F60B}.Release|x86.Build.0 = Release|Win32
	EndGlobalSection
	GlobalSection(SolutionProperties) = preSolution
		HideSolutionNode = FALSE
	EndGlobalSection
	GlobalSection(ExtensibilityGlobals) = postSolution
		SolutionGuid = {AE850189-A03E-4E64-86BD-F544A859446D}
	EndGlobalSection
EndGlobal
